
Microsoft Visual Studio Solution File, Format Version 12.00
# Visual Studio Version 17
VisualStudioVersion = 17.5.33414.496
MinimumVisualStudioVersion = 10.0.40219.1
Project("{FAE04EC0-301F-11D3-BF4B-00C04F79EFBC}") = "ControlHorasDev", "ControlHorasDev\ControlHorasDev.csproj", "{8DD84044-25EE-4756-B99D-5DF98EC8D78A}"
EndProject
Global
	GlobalSection(SolutionConfigurationPlatforms) = preSolution
		Debug|Any CPU = Debug|Any CPU
		Release|Any CPU = Release|Any CPU
	EndGlobalSection
	GlobalSection(ProjectConfigurationPlatforms) = postSolution
		{8DD84044-25EE-4756-B99D-5DF98EC8D78A}.Debug|Any CPU.ActiveCfg = Debug|Any CPU
		{8DD84044-25EE-4756-B99D-5DF98EC8D78A}.Debug|Any CPU.Build.0 = Debug|Any CPU
		{8DD84044-25EE-4756-B99D-5DF98EC8D78A}.Release|Any CPU.ActiveCfg = Release|Any CPU
		{8DD84044-25EE-4756-B99D-5DF98EC8D78A}.Release|Any CPU.Build.0 = Release|Any CPU
	EndGlobalSection
	GlobalSection(SolutionProperties) = preSolution
		HideSolutionNode = FALSE
	EndGlobalSection
	GlobalSection(ExtensibilityGlobals) = postSolution
		SolutionGuid = {CD4C00A4-777F-45C6-9248-D28454EC0DFF}
	EndGlobalSection
EndGlobal
